
Microsoft Visual Studio Solution File, Format Version 12.00
# Visual Studio Version 17
VisualStudioVersion = 17.3.32922.545
MinimumVisualStudioVersion = 10.0.40219.1
Project("{FAE04EC0-301F-11D3-BF4B-00C04F79EFBC}") = "BubbleSort", "BubbleSort\BubbleSort.csproj", "{4BA10705-9E8A-47B7-A3F8-CE434A33DDE9}"
EndProject
Global
	GlobalSection(SolutionConfigurationPlatforms) = preSolution
		Debug|Any CPU = Debug|Any CPU
		Release|Any CPU = Release|Any CPU
	EndGlobalSection
	GlobalSection(ProjectConfigurationPlatforms) = postSolution
		{4BA10705-9E8A-47B7-A3F8-CE434A33DDE9}.Debug|Any CPU.ActiveCfg = Debug|Any CPU
		{4BA10705-9E8A-47B7-A3F8-CE434A33DDE9}.Debug|Any CPU.Build.0 = Debug|Any CPU
		{4BA10705-9E8A-47B7-A3F8-CE434A33DDE9}.Release|Any CPU.ActiveCfg = Release|Any CPU
		{4BA10705-9E8A-47B7-A3F8-CE434A33DDE9}.Release|Any CPU.Build.0 = Release|Any CPU
	EndGlobalSection
	GlobalSection(SolutionProperties) = preSolution
		HideSolutionNode = FALSE
	EndGlobalSection
	GlobalSection(ExtensibilityGlobals) = postSolution
		SolutionGuid = {6560DCEA-15EF-4481-BB12-F9EBADA2B809}
	EndGlobalSection
EndGlobal
